// !$*UTF8*$!
{
	archiveVersion = 1;
	classes = {
	};
	objectVersion = 46;
	objects = {

/* Begin PBXBuildFile section */
		9BECE3191D18404B001C61F1 /* AppDelegate.swift in Sources */ = {isa = PBXBuildFile; fileRef = 9BECE3181D18404B001C61F1 /* AppDelegate.swift */; };
		9BECE31B1D18404B001C61F1 /* ViewController.swift in Sources */ = {isa = PBXBuildFile; fileRef = 9BECE31A1D18404B001C61F1 /* ViewController.swift */; };
		9BECE31E1D18404B001C61F1 /* Main.storyboard in Resources */ = {isa = PBXBuildFile; fileRef = 9BECE31C1D18404B001C61F1 /* Main.storyboard */; };
		9BECE3201D18404B001C61F1 /* Assets.xcassets in Resources */ = {isa = PBXBuildFile; fileRef = 9BECE31F1D18404B001C61F1 /* Assets.xcassets */; };
		9BECE3231D18404B001C61F1 /* LaunchScreen.storyboard in Resources */ = {isa = PBXBuildFile; fileRef = 9BECE3211D18404B001C61F1 /* LaunchScreen.storyboard */; };
		9BECE32E1D18404B001C61F1 /* ParsetagramTests.swift in Sources */ = {isa = PBXBuildFile; fileRef = 9BECE32D1D18404B001C61F1 /* ParsetagramTests.swift */; };
		9BECE3391D18404B001C61F1 /* ParsetagramUITests.swift in Sources */ = {isa = PBXBuildFile; fileRef = 9BECE3381D18404B001C61F1 /* ParsetagramUITests.swift */; };
/* End PBXBuildFile section */

/* Begin PBXContainerItemProxy section */
		9BECE32A1D18404B001C61F1 /* PBXContainerItemProxy */ = {
			isa = PBXContainerItemProxy;
			containerPortal = 9BECE30D1D18404B001C61F1 /* Project object */;
			proxyType = 1;
			remoteGlobalIDString = 9BECE3141D18404B001C61F1;
			remoteInfo = Parsetagram;
		};
		9BECE3351D18404B001C61F1 /* PBXContainerItemProxy */ = {
			isa = PBXContainerItemProxy;
			containerPortal = 9BECE30D1D18404B001C61F1 /* Project object */;
			proxyType = 1;
			remoteGlobalIDString = 9BECE3141D18404B001C61F1;
			remoteInfo = Parsetagram;
		};
/* End PBXContainerItemProxy section */

/* Begin PBXFileReference section */
		9BECE3151D18404B001C61F1 /* Parsetagram.app */ = {isa = PBXFileReference; explicitFileType = wrapper.application; includeInIndex = 0; path = Parsetagram.app; sourceTree = BUILT_PRODUCTS_DIR; };
		9BECE3181D18404B001C61F1 /* AppDelegate.swift */ = {isa = PBXFileReference; lastKnownFileType = sourcecode.swift; path = AppDelegate.swift; sourceTree = "<group>"; };
		9BECE31A1D18404B001C61F1 /* ViewController.swift */ = {isa = PBXFileReference; lastKnownFileType = sourcecode.swift; path = ViewController.swift; sourceTree = "<group>"; };
		9BECE31D1D18404B001C61F1 /* Base */ = {isa = PBXFileReference; lastKnownFileType = file.storyboard; name = Base; path = Base.lproj/Main.storyboard; sourceTree = "<group>"; };
		9BECE31F1D18404B001C61F1 /* Assets.xcassets */ = {isa = PBXFileReference; lastKnownFileType = folder.assetcatalog; path = Assets.xcassets; sourceTree = "<group>"; };
		9BECE3221D18404B001C61F1 /* Base */ = {isa = PBXFileReference; lastKnownFileType = file.storyboard; name = Base; path = Base.lproj/LaunchScreen.storyboard; sourceTree = "<group>"; };
		9BECE3241D18404B001C61F1 /* Info.plist */ = {isa = PBXFileReference; lastKnownFileType = text.plist.xml; path = Info.plist; sourceTree = "<group>"; };
		9BECE3291D18404B001C61F1 /* ParsetagramTests.xctest */ = {isa = PBXFileReference; explicitFileType = wrapper.cfbundle; includeInIndex = 0; path = ParsetagramTests.xctest; sourceTree = BUILT_PRODUCTS_DIR; };
		9BECE32D1D18404B001C61F1 /* ParsetagramTests.swift */ = {isa = PBXFileReference; lastKnownFileType = sourcecode.swift; path = ParsetagramTests.swift; sourceTree = "<group>"; };
		9BECE32F1D18404B001C61F1 /* Info.plist */ = {isa = PBXFileReference; lastKnownFileType = text.plist.xml; path = Info.plist; sourceTree = "<group>"; };
		9BECE3341D18404B001C61F1 /* ParsetagramUITests.xctest */ = {isa = PBXFileReference; explicitFileType = wrapper.cfbundle; includeInIndex = 0; path = ParsetagramUITests.xctest; sourceTree = BUILT_PRODUCTS_DIR; };
		9BECE3381D18404B001C61F1 /* ParsetagramUITests.swift */ = {isa = PBXFileReference; lastKnownFileType = sourcecode.swift; path = ParsetagramUITests.swift; sourceTree = "<group>"; };
		9BECE33A1D18404B001C61F1 /* Info.plist */ = {isa = PBXFileReference; lastKnownFileType = text.plist.xml; path = Info.plist; sourceTree = "<group>"; };
/* End PBXFileReference section */

/* Begin PBXFrameworksBuildPhase section */
		9BECE3121D18404B001C61F1 /* Frameworks */ = {
			isa = PBXFrameworksBuildPhase;
			buildActionMask = 2147483647;
			files = (
			);
			runOnlyForDeploymentPostprocessing = 0;
		};
		9BECE3261D18404B001C61F1 /* Frameworks */ = {
			isa = PBXFrameworksBuildPhase;
			buildActionMask = 2147483647;
			files = (
			);
			runOnlyForDeploymentPostprocessing = 0;
		};
		9BECE3311D18404B001C61F1 /* Frameworks */ = {
			isa = PBXFrameworksBuildPhase;
			buildActionMask = 2147483647;
			files = (
			);
			runOnlyForDeploymentPostprocessing = 0;
		};
/* End PBXFrameworksBuildPhase section */

/* Begin PBXGroup section */
		9BECE30C1D18404B001C61F1 = {
			isa = PBXGroup;
			children = (
				9BECE3171D18404B001C61F1 /* Parsetagram */,
				9BECE32C1D18404B001C61F1 /* ParsetagramTests */,
				9BECE3371D18404B001C61F1 /* ParsetagramUITests */,
				9BECE3161D18404B001C61F1 /* Products */,
			);
			sourceTree = "<group>";
		};
		9BECE3161D18404B001C61F1 /* Products */ = {
			isa = PBXGroup;
			children = (
				9BECE3151D18404B001C61F1 /* Parsetagram.app */,
				9BECE3291D18404B001C61F1 /* ParsetagramTests.xctest */,
				9BECE3341D18404B001C61F1 /* ParsetagramUITests.xctest */,
			);
			name = Products;
			sourceTree = "<group>";
		};
		9BECE3171D18404B001C61F1 /* Parsetagram */ = {
			isa = PBXGroup;
			children = (
				9BECE3181D18404B001C61F1 /* AppDelegate.swift */,
				9BECE31A1D18404B001C61F1 /* ViewController.swift */,
				9BECE31C1D18404B001C61F1 /* Main.storyboard */,
				9BECE31F1D18404B001C61F1 /* Assets.xcassets */,
				9BECE3211D18404B001C61F1 /* LaunchScreen.storyboard */,
				9BECE3241D18404B001C61F1 /* Info.plist */,
			);
			path = Parsetagram;
			sourceTree = "<group>";
		};
		9BECE32C1D18404B001C61F1 /* ParsetagramTests */ = {
			isa = PBXGroup;
			children = (
				9BECE32D1D18404B001C61F1 /* ParsetagramTests.swift */,
				9BECE32F1D18404B001C61F1 /* Info.plist */,
			);
			path = ParsetagramTests;
			sourceTree = "<group>";
		};
		9BECE3371D18404B001C61F1 /* ParsetagramUITests */ = {
			isa = PBXGroup;
			children = (
				9BECE3381D18404B001C61F1 /* ParsetagramUITests.swift */,
				9BECE33A1D18404B001C61F1 /* Info.plist */,
			);
			path = ParsetagramUITests;
			sourceTree = "<group>";
		};
/* End PBXGroup section */

/* Begin PBXNativeTarget section */
		9BECE3141D18404B001C61F1 /* Parsetagram */ = {
			isa = PBXNativeTarget;
			buildConfigurationList = 9BECE33D1D18404B001C61F1 /* Build configuration list for PBXNativeTarget "Parsetagram" */;
			buildPhases = (
				9BECE3111D18404B001C61F1 /* Sources */,
				9BECE3121D18404B001C61F1 /* Frameworks */,
				9BECE3131D18404B001C61F1 /* Resources */,
			);
			buildRules = (
			);
			dependencies = (
			);
			name = Parsetagram;
			productName = Parsetagram;
			productReference = 9BECE3151D18404B001C61F1 /* Parsetagram.app */;
			productType = "com.apple.product-type.application";
		};
		9BECE3281D18404B001C61F1 /* ParsetagramTests */ = {
			isa = PBXNativeTarget;
			buildConfigurationList = 9BECE3401D18404B001C61F1 /* Build configuration list for PBXNativeTarget "ParsetagramTests" */;
			buildPhases = (
				9BECE3251D18404B001C61F1 /* Sources */,
				9BECE3261D18404B001C61F1 /* Frameworks */,
				9BECE3271D18404B001C61F1 /* Resources */,
			);
			buildRules = (
			);
			dependencies = (
				9BECE32B1D18404B001C61F1 /* PBXTargetDependency */,
			);
			name = ParsetagramTests;
			productName = ParsetagramTests;
			productReference = 9BECE3291D18404B001C61F1 /* ParsetagramTests.xctest */;
			productType = "com.apple.product-type.bundle.unit-test";
		};
		9BECE3331D18404B001C61F1 /* ParsetagramUITests */ = {
			isa = PBXNativeTarget;
			buildConfigurationList = 9BECE3431D18404B001C61F1 /* Build configuration list for PBXNativeTarget "ParsetagramUITests" */;
			buildPhases = (
				9BECE3301D18404B001C61F1 /* Sources */,
				9BECE3311D18404B001C61F1 /* Frameworks */,
				9BECE3321D18404B001C61F1 /* Resources */,
			);
			buildRules = (
			);
			dependencies = (
				9BECE3361D18404B001C61F1 /* PBXTargetDependency */,
			);
			name = ParsetagramUITests;
			productName = ParsetagramUITests;
			productReference = 9BECE3341D18404B001C61F1 /* ParsetagramUITests.xctest */;
			productType = "com.apple.product-type.bundle.ui-testing";
		};
/* End PBXNativeTarget section */

/* Begin PBXProject section */
		9BECE30D1D18404B001C61F1 /* Project object */ = {
			isa = PBXProject;
			attributes = {
				LastSwiftUpdateCheck = 0730;
				LastUpgradeCheck = 0730;
				ORGANIZATIONNAME = "Pedro Sandoval Segura";
				TargetAttributes = {
					9BECE3141D18404B001C61F1 = {
						CreatedOnToolsVersion = 7.3.1;
					};
					9BECE3281D18404B001C61F1 = {
						CreatedOnToolsVersion = 7.3.1;
						TestTargetID = 9BECE3141D18404B001C61F1;
					};
					9BECE3331D18404B001C61F1 = {
						CreatedOnToolsVersion = 7.3.1;
						TestTargetID = 9BECE3141D18404B001C61F1;
					};
				};
			};
			buildConfigurationList = 9BECE3101D18404B001C61F1 /* Build configuration list for PBXProject "Parsetagram" */;
			compatibilityVersion = "Xcode 3.2";
			developmentRegion = English;
			hasScannedForEncodings = 0;
			knownRegions = (
				en,
				Base,
			);
			mainGroup = 9BECE30C1D18404B001C61F1;
			productRefGroup = 9BECE3161D18404B001C61F1 /* Products */;
			projectDirPath = "";
			projectRoot = "";
			targets = (
				9BECE3141D18404B001C61F1 /* Parsetagram */,
				9BECE3281D18404B001C61F1 /* ParsetagramTests */,
				9BECE3331D18404B001C61F1 /* ParsetagramUITests */,
			);
		};
/* End PBXProject section */

/* Begin PBXResourcesBuildPhase section */
		9BECE3131D18404B001C61F1 /* Resources */ = {
			isa = PBXResourcesBuildPhase;
			buildActionMask = 2147483647;
			files = (
				9BECE3231D18404B001C61F1 /* LaunchScreen.storyboard in Resources */,
				9BECE3201D18404B001C61F1 /* Assets.xcassets in Resources */,
				9BECE31E1D18404B001C61F1 /* Main.storyboard in Resources */,
			);
			runOnlyForDeploymentPostprocessing = 0;
		};
		9BECE3271D18404B001C61F1 /* Resources */ = {
			isa = PBXResourcesBuildPhase;
			buildActionMask = 2147483647;
			files = (
			);
			runOnlyForDeploymentPostprocessing = 0;
		};
		9BECE3321D18404B001C61F1 /* Resources */ = {
			isa = PBXResourcesBuildPhase;
			buildActionMask = 2147483647;
			files = (
			);
			runOnlyForDeploymentPostprocessing = 0;
		};
/* End PBXResourcesBuildPhase section */

/* Begin PBXSourcesBuildPhase section */
		9BECE3111D18404B001C61F1 /* Sources */ = {
			isa = PBXSourcesBuildPhase;
			buildActionMask = 2147483647;
			files = (
				9BECE31B1D18404B001C61F1 /* ViewController.swift in Sources */,
				9BECE3191D18404B001C61F1 /* AppDelegate.swift in Sources */,
			);
			runOnlyForDeploymentPostprocessing = 0;
		};
		9BECE3251D18404B001C61F1 /* Sources */ = {
			isa = PBXSourcesBuildPhase;
			buildActionMask = 2147483647;
			files = (
				9BECE32E1D18404B001C61F1 /* ParsetagramTests.swift in Sources */,
			);
			runOnlyForDeploymentPostprocessing = 0;
		};
		9BECE3301D18404B001C61F1 /* Sources */ = {
			isa = PBXSourcesBuildPhase;
			buildActionMask = 2147483647;
			files = (
				9BECE3391D18404B001C61F1 /* ParsetagramUITests.swift in Sources */,
			);
			runOnlyForDeploymentPostprocessing = 0;
		};
/* End PBXSourcesBuildPhase section */

/* Begin PBXTargetDependency section */
		9BECE32B1D18404B001C61F1 /* PBXTargetDependency */ = {
			isa = PBXTargetDependency;
			target = 9BECE3141D18404B001C61F1 /* Parsetagram */;
			targetProxy = 9BECE32A1D18404B001C61F1 /* PBXContainerItemProxy */;
		};
		9BECE3361D18404B001C61F1 /* PBXTargetDependency */ = {
			isa = PBXTargetDependency;
			target = 9BECE3141D18404B001C61F1 /* Parsetagram */;
			targetProxy = 9BECE3351D18404B001C61F1 /* PBXContainerItemProxy */;
		};
/* End PBXTargetDependency section */

/* Begin PBXVariantGroup section */
		9BECE31C1D18404B001C61F1 /* Main.storyboard */ = {
			isa = PBXVariantGroup;
			children = (
				9BECE31D1D18404B001C61F1 /* Base */,
			);
			name = Main.storyboard;
			sourceTree = "<group>";
		};
		9BECE3211D18404B001C61F1 /* LaunchScreen.storyboard */ = {
			isa = PBXVariantGroup;
			children = (
				9BECE3221D18404B001C61F1 /* Base */,
			);
			name = LaunchScreen.storyboard;
			sourceTree = "<group>";
		};
/* End PBXVariantGroup section */

/* Begin XCBuildConfiguration section */
		9BECE33B1D18404B001C61F1 /* Debug */ = {
			isa = XCBuildConfiguration;
			buildSettings = {
				ALWAYS_SEARCH_USER_PATHS = NO;
				CLANG_ANALYZER_NONNULL = YES;
				CLANG_CXX_LANGUAGE_STANDARD = "gnu++0x";
				CLANG_CXX_LIBRARY = "libc++";
				CLANG_ENABLE_MODULES = YES;
				CLANG_ENABLE_OBJC_ARC = YES;
				CLANG_WARN_BOOL_CONVERSION = YES;
				CLANG_WARN_CONSTANT_CONVERSION = YES;
				CLANG_WARN_DIRECT_OBJC_ISA_USAGE = YES_ERROR;
				CLANG_WARN_EMPTY_BODY = YES;
				CLANG_WARN_ENUM_CONVERSION = YES;
				CLANG_WARN_INT_CONVERSION = YES;
				CLANG_WARN_OBJC_ROOT_CLASS = YES_ERROR;
				CLANG_WARN_UNREACHABLE_CODE = YES;
				CLANG_WARN__DUPLICATE_METHOD_MATCH = YES;
				"CODE_SIGN_IDENTITY[sdk=iphoneos*]" = "iPhone Developer";
				COPY_PHASE_STRIP = NO;
				DEBUG_INFORMATION_FORMAT = dwarf;
				ENABLE_STRICT_OBJC_MSGSEND = YES;
				ENABLE_TESTABILITY = YES;
				GCC_C_LANGUAGE_STANDARD = gnu99;
				GCC_DYNAMIC_NO_PIC = NO;
				GCC_NO_COMMON_BLOCKS = YES;
				GCC_OPTIMIZATION_LEVEL = 0;
				GCC_PREPROCESSOR_DEFINITIONS = (
					"DEBUG=1",
					"$(inherited)",
				);
				GCC_WARN_64_TO_32_BIT_CONVERSION = YES;
				GCC_WARN_ABOUT_RETURN_TYPE = YES_ERROR;
				GCC_WARN_UNDECLARED_SELECTOR = YES;
				GCC_WARN_UNINITIALIZED_AUTOS = YES_AGGRESSIVE;
				GCC_WARN_UNUSED_FUNCTION = YES;
				GCC_WARN_UNUSED_VARIABLE = YES;
				IPHONEOS_DEPLOYMENT_TARGET = 9.3;
				MTL_ENABLE_DEBUG_INFO = YES;
				ONLY_ACTIVE_ARCH = YES;
				SDKROOT = iphoneos;
				SWIFT_OPTIMIZATION_LEVEL = "-Onone";
			};
			name = Debug;
		};
		9BECE33C1D18404B001C61F1 /* Release */ = {
			isa = XCBuildConfiguration;
			buildSettings = {
				ALWAYS_SEARCH_USER_PATHS = NO;
				CLANG_ANALYZER_NONNULL = YES;
				CLANG_CXX_LANGUAGE_STANDARD = "gnu++0x";
				CLANG_CXX_LIBRARY = "libc++";
				CLANG_ENABLE_MODULES = YES;
				CLANG_ENABLE_OBJC_ARC = YES;
				CLANG_WARN_BOOL_CONVERSION = YES;
				CLANG_WARN_CONSTANT_CONVERSION = YES;
				CLANG_WARN_DIRECT_OBJC_ISA_USAGE = YES_ERROR;
				CLANG_WARN_EMPTY_BODY = YES;
				CLANG_WARN_ENUM_CONVERSION = YES;
				CLANG_WARN_INT_CONVERSION = YES;
				CLANG_WARN_OBJC_ROOT_CLASS = YES_ERROR;
				CLANG_WARN_UNREACHABLE_CODE = YES;
				CLANG_WARN__DUPLICATE_METHOD_MATCH = YES;
				"CODE_SIGN_IDENTITY[sdk=iphoneos*]" = "iPhone Developer";
				COPY_PHASE_STRIP = NO;
				DEBUG_INFORMATION_FORMAT = "dwarf-with-dsym";
				ENABLE_NS_ASSERTIONS = NO;
				ENABLE_STRICT_OBJC_MSGSEND = YES;
				GCC_C_LANGUAGE_STANDARD = gnu99;
				GCC_NO_COMMON_BLOCKS = YES;
				GCC_WARN_64_TO_32_BIT_CONVERSION = YES;
				GCC_WARN_ABOUT_RETURN_TYPE = YES_ERROR;
				GCC_WARN_UNDECLARED_SELECTOR = YES;
				GCC_WARN_UNINITIALIZED_AUTOS = YES_AGGRESSIVE;
				GCC_WARN_UNUSED_FUNCTION = YES;
				GCC_WARN_UNUSED_VARIABLE = YES;
				IPHONEOS_DEPLOYMENT_TARGET = 9.3;
				MTL_ENABLE_DEBUG_INFO = NO;
				SDKROOT = iphoneos;
				VALIDATE_PRODUCT = YES;
			};
			name = Release;
		};
		9BECE33E1D18404B001C61F1 /* Debug */ = {
			isa = XCBuildConfiguration;
			buildSettings = {
				ASSETCATALOG_COMPILER_APPICON_NAME = AppIcon;
				INFOPLIST_FILE = Parsetagram/Info.plist;
				LD_RUNPATH_SEARCH_PATHS = "$(inherited) @executable_path/Frameworks";
				PRODUCT_BUNDLE_IDENTIFIER = com.sandoval.Parsetagram;
				PRODUCT_NAME = "$(TARGET_NAME)";
			};
			name = Debug;
		};
		9BECE33F1D18404B001C61F1 /* Release */ = {
			isa = XCBuildConfiguration;
			buildSettings = {
				ASSETCATALOG_COMPILER_APPICON_NAME = AppIcon;
				INFOPLIST_FILE = Parsetagram/Info.plist;
				LD_RUNPATH_SEARCH_PATHS = "$(inherited) @executable_path/Frameworks";
				PRODUCT_BUNDLE_IDENTIFIER = com.sandoval.Parsetagram;
				PRODUCT_NAME = "$(TARGET_NAME)";
			};
			name = Release;
		};
		9BECE3411D18404B001C61F1 /* Debug */ = {
			isa = XCBuildConfiguration;
			buildSettings = {
				BUNDLE_LOADER = "$(TEST_HOST)";
				INFOPLIST_FILE = ParsetagramTests/Info.plist;
				LD_RUNPATH_SEARCH_PATHS = "$(inherited) @executable_path/Frameworks @loader_path/Frameworks";
				PRODUCT_BUNDLE_IDENTIFIER = com.sandoval.ParsetagramTests;
				PRODUCT_NAME = "$(TARGET_NAME)";
				TEST_HOST = "$(BUILT_PRODUCTS_DIR)/Parsetagram.app/Parsetagram";
			};
			name = Debug;
		};
		9BECE3421D18404B001C61F1 /* Release */ = {
			isa = XCBuildConfiguration;
			buildSettings = {
				BUNDLE_LOADER = "$(TEST_HOST)";
				INFOPLIST_FILE = ParsetagramTests/Info.plist;
				LD_RUNPATH_SEARCH_PATHS = "$(inherited) @executable_path/Frameworks @loader_path/Frameworks";
				PRODUCT_BUNDLE_IDENTIFIER = com.sandoval.ParsetagramTests;
				PRODUCT_NAME = "$(TARGET_NAME)";
				TEST_HOST = "$(BUILT_PRODUCTS_DIR)/Parsetagram.app/Parsetagram";
			};
			name = Release;
		};
		9BECE3441D18404B001C61F1 /* Debug */ = {
			isa = XCBuildConfiguration;
			buildSettings = {
				INFOPLIST_FILE = ParsetagramUITests/Info.plist;
				LD_RUNPATH_SEARCH_PATHS = "$(inherited) @executable_path/Frameworks @loader_path/Frameworks";
				PRODUCT_BUNDLE_IDENTIFIER = com.sandoval.ParsetagramUITests;
				PRODUCT_NAME = "$(TARGET_NAME)";
				TEST_TARGET_NAME = Parsetagram;
			};
			name = Debug;
		};
		9BECE3451D18404B001C61F1 /* Release */ = {
			isa = XCBuildConfiguration;
			buildSettings = {
				INFOPLIST_FILE = ParsetagramUITests/Info.plist;
				LD_RUNPATH_SEARCH_PATHS = "$(inherited) @executable_path/Frameworks @loader_path/Frameworks";
				PRODUCT_BUNDLE_IDENTIFIER = com.sandoval.ParsetagramUITests;
				PRODUCT_NAME = "$(TARGET_NAME)";
				TEST_TARGET_NAME = Parsetagram;
			};
			name = Release;
		};
/* End XCBuildConfiguration section */

/* Begin XCConfigurationList section */
		9BECE3101D18404B001C61F1 /* Build configuration list for PBXProject "Parsetagram" */ = {
			isa = XCConfigurationList;
			buildConfigurations = (
				9BECE33B1D18404B001C61F1 /* Debug */,
				9BECE33C1D18404B001C61F1 /* Release */,
			);
			defaultConfigurationIsVisible = 0;
			defaultConfigurationName = Release;
		};
		9BECE33D1D18404B001C61F1 /* Build configuration list for PBXNativeTarget "Parsetagram" */ = {
			isa = XCConfigurationList;
			buildConfigurations = (
				9BECE33E1D18404B001C61F1 /* Debug */,
				9BECE33F1D18404B001C61F1 /* Release */,
			);
			defaultConfigurationIsVisible = 0;
		};
		9BECE3401D18404B001C61F1 /* Build configuration list for PBXNativeTarget "ParsetagramTests" */ = {
			isa = XCConfigurationList;
			buildConfigurations = (
				9BECE3411D18404B001C61F1 /* Debug */,
				9BECE3421D18404B001C61F1 /* Release */,
			);
			defaultConfigurationIsVisible = 0;
		};
		9BECE3431D18404B001C61F1 /* Build configuration list for PBXNativeTarget "ParsetagramUITests" */ = {
			isa = XCConfigurationList;
			buildConfigurations = (
				9BECE3441D18404B001C61F1 /* Debug */,
				9BECE3451D18404B001C61F1 /* Release */,
			);
			defaultConfigurationIsVisible = 0;
		};
/* End XCConfigurationList section */
	};
	rootObject = 9BECE30D1D18404B001C61F1 /* Project object */;
}
