// !$*UTF8*$!
{
	archiveVersion = 1;
	classes = {
	};
	objectVersion = 46;
	objects = {

/* Begin PBXBuildFile section */
		4CEF783643CE61CAECEBA85A /* Pods_ParsetagramUITests.framework in Frameworks */ = {isa = PBXBuildFile; fileRef = 0F5A7626C7D280A72765CB4B /* Pods_ParsetagramUITests.framework */; };
		814B9BAB1EFF5AC500B1C124 /* SurveyAid.swift in Sources */ = {isa = PBXBuildFile; fileRef = 814B9BAA1EFF5AC500B1C124 /* SurveyAid.swift */; };
		81F79F151EE4EBF200D1FFE6 /* CoreLocation.framework in Frameworks */ = {isa = PBXBuildFile; fileRef = 81F79F141EE4EBF200D1FFE6 /* CoreLocation.framework */; };
		81F79F171EE4EBF800D1FFE6 /* MapKit.framework in Frameworks */ = {isa = PBXBuildFile; fileRef = 81F79F161EE4EBF800D1FFE6 /* MapKit.framework */; };
		9B313F121D1A34F700F99561 /* InfiniteScrollActivityView.swift in Sources */ = {isa = PBXBuildFile; fileRef = 9B313F111D1A34F700F99561 /* InfiniteScrollActivityView.swift */; };
		9B313F191D1A4D1500F99561 /* TimeAid.swift in Sources */ = {isa = PBXBuildFile; fileRef = 9B313F181D1A4D1500F99561 /* TimeAid.swift */; };
		9B313F1B1D1AE3C900F99561 /* SettingsViewController.swift in Sources */ = {isa = PBXBuildFile; fileRef = 9B313F1A1D1AE3C900F99561 /* SettingsViewController.swift */; };
		9B313F211D1B268900F99561 /* UserInstance.swift in Sources */ = {isa = PBXBuildFile; fileRef = 9B313F201D1B268900F99561 /* UserInstance.swift */; };
		9B313F2F1D1C7E7900F99561 /* SanFranciscoText-Bold.otf in Resources */ = {isa = PBXBuildFile; fileRef = 9B313F281D1C7D9F00F99561 /* SanFranciscoText-Bold.otf */; };
		9B313F311D1C7E7900F99561 /* SanFranciscoText-Light.otf in Resources */ = {isa = PBXBuildFile; fileRef = 9B313F2A1D1C7D9F00F99561 /* SanFranciscoText-Light.otf */; };
		9B313F321D1C7E7900F99561 /* SanFranciscoText-Medium.otf in Resources */ = {isa = PBXBuildFile; fileRef = 9B313F2B1D1C7D9F00F99561 /* SanFranciscoText-Medium.otf */; };
		9B313F331D1C7E7900F99561 /* SanFranciscoText-Regular.otf in Resources */ = {isa = PBXBuildFile; fileRef = 9B313F2C1D1C7D9F00F99561 /* SanFranciscoText-Regular.otf */; };
		9B313F341D1C7E7900F99561 /* SanFranciscoText-Semibold.otf in Resources */ = {isa = PBXBuildFile; fileRef = 9B313F2D1D1C7D9F00F99561 /* SanFranciscoText-Semibold.otf */; };
		9B6792D41D1C872500E71EA5 /* CommentsViewController.swift in Sources */ = {isa = PBXBuildFile; fileRef = 9B6792D31D1C872500E71EA5 /* CommentsViewController.swift */; };
		9B70FEC61D18BA5A00D65E58 /* PostTableViewCell.swift in Sources */ = {isa = PBXBuildFile; fileRef = 9B70FEC51D18BA5A00D65E58 /* PostTableViewCell.swift */; };
		9BAB5E841D18FB830001A178 /* MeViewController.swift in Sources */ = {isa = PBXBuildFile; fileRef = 9BAB5E831D18FB830001A178 /* MeViewController.swift */; };
		9BAB5E861D1911210001A178 /* PostDetailViewController.swift in Sources */ = {isa = PBXBuildFile; fileRef = 9BAB5E851D1911210001A178 /* PostDetailViewController.swift */; };
		9BAB5E881D19198C0001A178 /* CameraViewController.swift in Sources */ = {isa = PBXBuildFile; fileRef = 9BAB5E871D19198C0001A178 /* CameraViewController.swift */; };
		9BAB5E8B1D19912F0001A178 /* Post.swift in Sources */ = {isa = PBXBuildFile; fileRef = 9BAB5E8A1D19912F0001A178 /* Post.swift */; };
		9BAB5E8D1D19939B0001A178 /* PostConfigurationViewController.swift in Sources */ = {isa = PBXBuildFile; fileRef = 9BAB5E8C1D19939B0001A178 /* PostConfigurationViewController.swift */; };
		9BE8E6841D1CA35100B1AC61 /* CommentAid.swift in Sources */ = {isa = PBXBuildFile; fileRef = 9BE8E6831D1CA35100B1AC61 /* CommentAid.swift */; };
		9BE8E6861D1CCD7100B1AC61 /* CommentTableViewCell.swift in Sources */ = {isa = PBXBuildFile; fileRef = 9BE8E6851D1CCD7100B1AC61 /* CommentTableViewCell.swift */; };
		9BE8E6881D1CF1F800B1AC61 /* PostInstance.swift in Sources */ = {isa = PBXBuildFile; fileRef = 9BE8E6871D1CF1F800B1AC61 /* PostInstance.swift */; };
		9BECE3191D18404B001C61F1 /* AppDelegate.swift in Sources */ = {isa = PBXBuildFile; fileRef = 9BECE3181D18404B001C61F1 /* AppDelegate.swift */; };
		9BECE31E1D18404B001C61F1 /* Main.storyboard in Resources */ = {isa = PBXBuildFile; fileRef = 9BECE31C1D18404B001C61F1 /* Main.storyboard */; };
		9BECE3201D18404B001C61F1 /* Assets.xcassets in Resources */ = {isa = PBXBuildFile; fileRef = 9BECE31F1D18404B001C61F1 /* Assets.xcassets */; };
		9BECE3231D18404B001C61F1 /* LaunchScreen.storyboard in Resources */ = {isa = PBXBuildFile; fileRef = 9BECE3211D18404B001C61F1 /* LaunchScreen.storyboard */; };
		9BECE32E1D18404B001C61F1 /* ParsetagramTests.swift in Sources */ = {isa = PBXBuildFile; fileRef = 9BECE32D1D18404B001C61F1 /* ParsetagramTests.swift */; };
		9BECE3391D18404B001C61F1 /* ParsetagramUITests.swift in Sources */ = {isa = PBXBuildFile; fileRef = 9BECE3381D18404B001C61F1 /* ParsetagramUITests.swift */; };
		9BECE3471D184872001C61F1 /* LoginViewController.swift in Sources */ = {isa = PBXBuildFile; fileRef = 9BECE3461D184872001C61F1 /* LoginViewController.swift */; };
		9BECE34D1D18A971001C61F1 /* HomeViewController.swift in Sources */ = {isa = PBXBuildFile; fileRef = 9BECE34C1D18A971001C61F1 /* HomeViewController.swift */; };
		CBDA308B0EC3809A4D8AAA01 /* Pods_ParsetagramTests.framework in Frameworks */ = {isa = PBXBuildFile; fileRef = E1C3668DB4110BEEE312B950 /* Pods_ParsetagramTests.framework */; };
		F6F8A2E5D0020A8DC4D7F5E1 /* Pods_Parsetagram.framework in Frameworks */ = {isa = PBXBuildFile; fileRef = FE23D70F1BA9E6AFEA6703C1 /* Pods_Parsetagram.framework */; };
/* End PBXBuildFile section */

/* Begin PBXContainerItemProxy section */
		9BECE32A1D18404B001C61F1 /* PBXContainerItemProxy */ = {
			isa = PBXContainerItemProxy;
			containerPortal = 9BECE30D1D18404B001C61F1 /* Project object */;
			proxyType = 1;
			remoteGlobalIDString = 9BECE3141D18404B001C61F1;
			remoteInfo = Parsetagram;
		};
		9BECE3351D18404B001C61F1 /* PBXContainerItemProxy */ = {
			isa = PBXContainerItemProxy;
			containerPortal = 9BECE30D1D18404B001C61F1 /* Project object */;
			proxyType = 1;
			remoteGlobalIDString = 9BECE3141D18404B001C61F1;
			remoteInfo = Parsetagram;
		};
/* End PBXContainerItemProxy section */

/* Begin PBXFileReference section */
		0F5A7626C7D280A72765CB4B /* Pods_ParsetagramUITests.framework */ = {isa = PBXFileReference; explicitFileType = wrapper.framework; includeInIndex = 0; path = Pods_ParsetagramUITests.framework; sourceTree = BUILT_PRODUCTS_DIR; };
		4421348EFED4774231C8ED39 /* Pods-ParsetagramUITests.release.xcconfig */ = {isa = PBXFileReference; includeInIndex = 1; lastKnownFileType = text.xcconfig; name = "Pods-ParsetagramUITests.release.xcconfig"; path = "Pods/Target Support Files/Pods-ParsetagramUITests/Pods-ParsetagramUITests.release.xcconfig"; sourceTree = "<group>"; };
		63EF1E35136D13006C2855B6 /* Pods-Parsetagram.release.xcconfig */ = {isa = PBXFileReference; includeInIndex = 1; lastKnownFileType = text.xcconfig; name = "Pods-Parsetagram.release.xcconfig"; path = "Pods/Target Support Files/Pods-Parsetagram/Pods-Parsetagram.release.xcconfig"; sourceTree = "<group>"; };
		6556373A395946CC9C72CE84 /* Pods-Parsetagram.debug.xcconfig */ = {isa = PBXFileReference; includeInIndex = 1; lastKnownFileType = text.xcconfig; name = "Pods-Parsetagram.debug.xcconfig"; path = "Pods/Target Support Files/Pods-Parsetagram/Pods-Parsetagram.debug.xcconfig"; sourceTree = "<group>"; };
		814B9BAA1EFF5AC500B1C124 /* SurveyAid.swift */ = {isa = PBXFileReference; fileEncoding = 4; lastKnownFileType = sourcecode.swift; path = SurveyAid.swift; sourceTree = "<group>"; };
		81F79F141EE4EBF200D1FFE6 /* CoreLocation.framework */ = {isa = PBXFileReference; lastKnownFileType = wrapper.framework; name = CoreLocation.framework; path = System/Library/Frameworks/CoreLocation.framework; sourceTree = SDKROOT; };
		81F79F161EE4EBF800D1FFE6 /* MapKit.framework */ = {isa = PBXFileReference; lastKnownFileType = wrapper.framework; name = MapKit.framework; path = System/Library/Frameworks/MapKit.framework; sourceTree = SDKROOT; };
		8EE1C82B97D72A8D85C8D3DF /* Pods-ParsetagramUITests.debug.xcconfig */ = {isa = PBXFileReference; includeInIndex = 1; lastKnownFileType = text.xcconfig; name = "Pods-ParsetagramUITests.debug.xcconfig"; path = "Pods/Target Support Files/Pods-ParsetagramUITests/Pods-ParsetagramUITests.debug.xcconfig"; sourceTree = "<group>"; };
		9B313F111D1A34F700F99561 /* InfiniteScrollActivityView.swift */ = {isa = PBXFileReference; fileEncoding = 4; lastKnownFileType = sourcecode.swift; path = InfiniteScrollActivityView.swift; sourceTree = "<group>"; };
		9B313F181D1A4D1500F99561 /* TimeAid.swift */ = {isa = PBXFileReference; fileEncoding = 4; lastKnownFileType = sourcecode.swift; path = TimeAid.swift; sourceTree = "<group>"; };
		9B313F1A1D1AE3C900F99561 /* SettingsViewController.swift */ = {isa = PBXFileReference; fileEncoding = 4; lastKnownFileType = sourcecode.swift; path = SettingsViewController.swift; sourceTree = "<group>"; };
		9B313F201D1B268900F99561 /* UserInstance.swift */ = {isa = PBXFileReference; fileEncoding = 4; lastKnownFileType = sourcecode.swift; path = UserInstance.swift; sourceTree = "<group>"; };
		9B313F281D1C7D9F00F99561 /* SanFranciscoText-Bold.otf */ = {isa = PBXFileReference; lastKnownFileType = file; path = "SanFranciscoText-Bold.otf"; sourceTree = "<group>"; };
		9B313F2A1D1C7D9F00F99561 /* SanFranciscoText-Light.otf */ = {isa = PBXFileReference; lastKnownFileType = file; path = "SanFranciscoText-Light.otf"; sourceTree = "<group>"; };
		9B313F2B1D1C7D9F00F99561 /* SanFranciscoText-Medium.otf */ = {isa = PBXFileReference; lastKnownFileType = file; path = "SanFranciscoText-Medium.otf"; sourceTree = "<group>"; };
		9B313F2C1D1C7D9F00F99561 /* SanFranciscoText-Regular.otf */ = {isa = PBXFileReference; lastKnownFileType = file; path = "SanFranciscoText-Regular.otf"; sourceTree = "<group>"; };
		9B313F2D1D1C7D9F00F99561 /* SanFranciscoText-Semibold.otf */ = {isa = PBXFileReference; lastKnownFileType = file; path = "SanFranciscoText-Semibold.otf"; sourceTree = "<group>"; };
		9B6792D31D1C872500E71EA5 /* CommentsViewController.swift */ = {isa = PBXFileReference; fileEncoding = 4; lastKnownFileType = sourcecode.swift; path = CommentsViewController.swift; sourceTree = "<group>"; };
		9B70FEC51D18BA5A00D65E58 /* PostTableViewCell.swift */ = {isa = PBXFileReference; fileEncoding = 4; lastKnownFileType = sourcecode.swift; path = PostTableViewCell.swift; sourceTree = "<group>"; };
		9BAB5E831D18FB830001A178 /* MeViewController.swift */ = {isa = PBXFileReference; fileEncoding = 4; lastKnownFileType = sourcecode.swift; path = MeViewController.swift; sourceTree = "<group>"; };
		9BAB5E851D1911210001A178 /* PostDetailViewController.swift */ = {isa = PBXFileReference; fileEncoding = 4; lastKnownFileType = sourcecode.swift; path = PostDetailViewController.swift; sourceTree = "<group>"; };
		9BAB5E871D19198C0001A178 /* CameraViewController.swift */ = {isa = PBXFileReference; fileEncoding = 4; lastKnownFileType = sourcecode.swift; path = CameraViewController.swift; sourceTree = "<group>"; };
		9BAB5E8A1D19912F0001A178 /* Post.swift */ = {isa = PBXFileReference; fileEncoding = 4; lastKnownFileType = sourcecode.swift; path = Post.swift; sourceTree = "<group>"; };
		9BAB5E8C1D19939B0001A178 /* PostConfigurationViewController.swift */ = {isa = PBXFileReference; fileEncoding = 4; lastKnownFileType = sourcecode.swift; path = PostConfigurationViewController.swift; sourceTree = "<group>"; };
		9BE8E6831D1CA35100B1AC61 /* CommentAid.swift */ = {isa = PBXFileReference; fileEncoding = 4; lastKnownFileType = sourcecode.swift; path = CommentAid.swift; sourceTree = "<group>"; };
		9BE8E6851D1CCD7100B1AC61 /* CommentTableViewCell.swift */ = {isa = PBXFileReference; fileEncoding = 4; lastKnownFileType = sourcecode.swift; path = CommentTableViewCell.swift; sourceTree = "<group>"; };
		9BE8E6871D1CF1F800B1AC61 /* PostInstance.swift */ = {isa = PBXFileReference; fileEncoding = 4; lastKnownFileType = sourcecode.swift; path = PostInstance.swift; sourceTree = "<group>"; };
		9BECE3151D18404B001C61F1 /* Parsetagram.app */ = {isa = PBXFileReference; explicitFileType = wrapper.application; includeInIndex = 0; path = Parsetagram.app; sourceTree = BUILT_PRODUCTS_DIR; };
		9BECE3181D18404B001C61F1 /* AppDelegate.swift */ = {isa = PBXFileReference; lastKnownFileType = sourcecode.swift; path = AppDelegate.swift; sourceTree = "<group>"; };
		9BECE31D1D18404B001C61F1 /* Base */ = {isa = PBXFileReference; lastKnownFileType = file.storyboard; name = Base; path = Base.lproj/Main.storyboard; sourceTree = "<group>"; };
		9BECE31F1D18404B001C61F1 /* Assets.xcassets */ = {isa = PBXFileReference; lastKnownFileType = folder.assetcatalog; path = Assets.xcassets; sourceTree = "<group>"; };
		9BECE3221D18404B001C61F1 /* Base */ = {isa = PBXFileReference; lastKnownFileType = file.storyboard; name = Base; path = Base.lproj/LaunchScreen.storyboard; sourceTree = "<group>"; };
		9BECE3241D18404B001C61F1 /* Info.plist */ = {isa = PBXFileReference; lastKnownFileType = text.plist.xml; path = Info.plist; sourceTree = "<group>"; };
		9BECE3291D18404B001C61F1 /* ParsetagramTests.xctest */ = {isa = PBXFileReference; explicitFileType = wrapper.cfbundle; includeInIndex = 0; path = ParsetagramTests.xctest; sourceTree = BUILT_PRODUCTS_DIR; };
		9BECE32D1D18404B001C61F1 /* ParsetagramTests.swift */ = {isa = PBXFileReference; lastKnownFileType = sourcecode.swift; path = ParsetagramTests.swift; sourceTree = "<group>"; };
		9BECE32F1D18404B001C61F1 /* Info.plist */ = {isa = PBXFileReference; lastKnownFileType = text.plist.xml; path = Info.plist; sourceTree = "<group>"; };
		9BECE3341D18404B001C61F1 /* ParsetagramUITests.xctest */ = {isa = PBXFileReference; explicitFileType = wrapper.cfbundle; includeInIndex = 0; path = ParsetagramUITests.xctest; sourceTree = BUILT_PRODUCTS_DIR; };
		9BECE3381D18404B001C61F1 /* ParsetagramUITests.swift */ = {isa = PBXFileReference; lastKnownFileType = sourcecode.swift; path = ParsetagramUITests.swift; sourceTree = "<group>"; };
		9BECE33A1D18404B001C61F1 /* Info.plist */ = {isa = PBXFileReference; lastKnownFileType = text.plist.xml; path = Info.plist; sourceTree = "<group>"; };
		9BECE3461D184872001C61F1 /* LoginViewController.swift */ = {isa = PBXFileReference; fileEncoding = 4; lastKnownFileType = sourcecode.swift; path = LoginViewController.swift; sourceTree = "<group>"; };
		9BECE34C1D18A971001C61F1 /* HomeViewController.swift */ = {isa = PBXFileReference; fileEncoding = 4; lastKnownFileType = sourcecode.swift; path = HomeViewController.swift; sourceTree = "<group>"; };
		A2CAAEB962F8D554C4ED0D09 /* Pods-ParsetagramTests.debug.xcconfig */ = {isa = PBXFileReference; includeInIndex = 1; lastKnownFileType = text.xcconfig; name = "Pods-ParsetagramTests.debug.xcconfig"; path = "Pods/Target Support Files/Pods-ParsetagramTests/Pods-ParsetagramTests.debug.xcconfig"; sourceTree = "<group>"; };
		C03B40B42AD9C354F074D39D /* Pods-ParsetagramTests.release.xcconfig */ = {isa = PBXFileReference; includeInIndex = 1; lastKnownFileType = text.xcconfig; name = "Pods-ParsetagramTests.release.xcconfig"; path = "Pods/Target Support Files/Pods-ParsetagramTests/Pods-ParsetagramTests.release.xcconfig"; sourceTree = "<group>"; };
		E1C3668DB4110BEEE312B950 /* Pods_ParsetagramTests.framework */ = {isa = PBXFileReference; explicitFileType = wrapper.framework; includeInIndex = 0; path = Pods_ParsetagramTests.framework; sourceTree = BUILT_PRODUCTS_DIR; };
		FE23D70F1BA9E6AFEA6703C1 /* Pods_Parsetagram.framework */ = {isa = PBXFileReference; explicitFileType = wrapper.framework; includeInIndex = 0; path = Pods_Parsetagram.framework; sourceTree = BUILT_PRODUCTS_DIR; };
/* End PBXFileReference section */

/* Begin PBXFrameworksBuildPhase section */
		9BECE3121D18404B001C61F1 /* Frameworks */ = {
			isa = PBXFrameworksBuildPhase;
			buildActionMask = 2147483647;
			files = (
				81F79F171EE4EBF800D1FFE6 /* MapKit.framework in Frameworks */,
				81F79F151EE4EBF200D1FFE6 /* CoreLocation.framework in Frameworks */,
				F6F8A2E5D0020A8DC4D7F5E1 /* Pods_Parsetagram.framework in Frameworks */,
			);
			runOnlyForDeploymentPostprocessing = 0;
		};
		9BECE3261D18404B001C61F1 /* Frameworks */ = {
			isa = PBXFrameworksBuildPhase;
			buildActionMask = 2147483647;
			files = (
				CBDA308B0EC3809A4D8AAA01 /* Pods_ParsetagramTests.framework in Frameworks */,
			);
			runOnlyForDeploymentPostprocessing = 0;
		};
		9BECE3311D18404B001C61F1 /* Frameworks */ = {
			isa = PBXFrameworksBuildPhase;
			buildActionMask = 2147483647;
			files = (
				4CEF783643CE61CAECEBA85A /* Pods_ParsetagramUITests.framework in Frameworks */,
			);
			runOnlyForDeploymentPostprocessing = 0;
		};
/* End PBXFrameworksBuildPhase section */

/* Begin PBXGroup section */
		9B313F1E1D1B264E00F99561 /* FeatureAids */ = {
			isa = PBXGroup;
			children = (
				9B313F181D1A4D1500F99561 /* TimeAid.swift */,
				9BE8E6831D1CA35100B1AC61 /* CommentAid.swift */,
				814B9BAA1EFF5AC500B1C124 /* SurveyAid.swift */,
			);
			name = FeatureAids;
			sourceTree = "<group>";
		};
		9B313F1F1D1B265C00F99561 /* Instances */ = {
			isa = PBXGroup;
			children = (
				9B313F201D1B268900F99561 /* UserInstance.swift */,
				9BE8E6871D1CF1F800B1AC61 /* PostInstance.swift */,
			);
			name = Instances;
			sourceTree = "<group>";
		};
		9B313F221D1C784800F99561 /* Font */ = {
			isa = PBXGroup;
			children = (
				9B313F281D1C7D9F00F99561 /* SanFranciscoText-Bold.otf */,
				9B313F2A1D1C7D9F00F99561 /* SanFranciscoText-Light.otf */,
				9B313F2B1D1C7D9F00F99561 /* SanFranciscoText-Medium.otf */,
				9B313F2C1D1C7D9F00F99561 /* SanFranciscoText-Regular.otf */,
				9B313F2D1D1C7D9F00F99561 /* SanFranciscoText-Semibold.otf */,
			);
			name = Font;
			sourceTree = "<group>";
		};
		9B70FEC31D18BA2900D65E58 /* Views */ = {
			isa = PBXGroup;
			children = (
				9B70FEC51D18BA5A00D65E58 /* PostTableViewCell.swift */,
				9B313F111D1A34F700F99561 /* InfiniteScrollActivityView.swift */,
				9BE8E6851D1CCD7100B1AC61 /* CommentTableViewCell.swift */,
			);
			name = Views;
			sourceTree = "<group>";
		};
		9B70FEC41D18BA3900D65E58 /* View Controllers */ = {
			isa = PBXGroup;
			children = (
				9BECE3461D184872001C61F1 /* LoginViewController.swift */,
				9BECE34C1D18A971001C61F1 /* HomeViewController.swift */,
				9BAB5E831D18FB830001A178 /* MeViewController.swift */,
				9BAB5E851D1911210001A178 /* PostDetailViewController.swift */,
				9BAB5E871D19198C0001A178 /* CameraViewController.swift */,
				9BAB5E8C1D19939B0001A178 /* PostConfigurationViewController.swift */,
				9B313F1A1D1AE3C900F99561 /* SettingsViewController.swift */,
				9B6792D31D1C872500E71EA5 /* CommentsViewController.swift */,
			);
			name = "View Controllers";
			sourceTree = "<group>";
		};
		9BAB5E891D1991120001A178 /* Models */ = {
			isa = PBXGroup;
			children = (
				9BAB5E8A1D19912F0001A178 /* Post.swift */,
			);
			name = Models;
			sourceTree = "<group>";
		};
		9BECE30C1D18404B001C61F1 = {
			isa = PBXGroup;
			children = (
				9BECE3171D18404B001C61F1 /* Parsetagram */,
				9BECE3371D18404B001C61F1 /* ParsetagramUITests */,
				9BECE3161D18404B001C61F1 /* Products */,
				9F8C9051165E1D115141673E /* Pods */,
				E9772A462AD042E3E246CADA /* Frameworks */,
			);
			sourceTree = "<group>";
		};
		9BECE3161D18404B001C61F1 /* Products */ = {
			isa = PBXGroup;
			children = (
				9BECE3151D18404B001C61F1 /* Parsetagram.app */,
				9BECE3291D18404B001C61F1 /* ParsetagramTests.xctest */,
				9BECE3341D18404B001C61F1 /* ParsetagramUITests.xctest */,
			);
			name = Products;
			sourceTree = "<group>";
		};
		9BECE3171D18404B001C61F1 /* Parsetagram */ = {
			isa = PBXGroup;
			children = (
				9BECE31C1D18404B001C61F1 /* Main.storyboard */,
				9B313F1F1D1B265C00F99561 /* Instances */,
				9B313F1E1D1B264E00F99561 /* FeatureAids */,
				9BAB5E891D1991120001A178 /* Models */,
				9B70FEC41D18BA3900D65E58 /* View Controllers */,
				9B70FEC31D18BA2900D65E58 /* Views */,
				9BECE3181D18404B001C61F1 /* AppDelegate.swift */,
				9BECE32C1D18404B001C61F1 /* ParsetagramTests */,
				9B313F221D1C784800F99561 /* Font */,
				9BECE31F1D18404B001C61F1 /* Assets.xcassets */,
				9BECE3211D18404B001C61F1 /* LaunchScreen.storyboard */,
				9BECE3241D18404B001C61F1 /* Info.plist */,
			);
			path = Parsetagram;
			sourceTree = "<group>";
		};
		9BECE32C1D18404B001C61F1 /* ParsetagramTests */ = {
			isa = PBXGroup;
			children = (
				9BECE32D1D18404B001C61F1 /* ParsetagramTests.swift */,
				9BECE32F1D18404B001C61F1 /* Info.plist */,
			);
			path = ParsetagramTests;
			sourceTree = SOURCE_ROOT;
		};
		9BECE3371D18404B001C61F1 /* ParsetagramUITests */ = {
			isa = PBXGroup;
			children = (
				9BECE3381D18404B001C61F1 /* ParsetagramUITests.swift */,
				9BECE33A1D18404B001C61F1 /* Info.plist */,
			);
			path = ParsetagramUITests;
			sourceTree = "<group>";
		};
		9F8C9051165E1D115141673E /* Pods */ = {
			isa = PBXGroup;
			children = (
				6556373A395946CC9C72CE84 /* Pods-Parsetagram.debug.xcconfig */,
				63EF1E35136D13006C2855B6 /* Pods-Parsetagram.release.xcconfig */,
				A2CAAEB962F8D554C4ED0D09 /* Pods-ParsetagramTests.debug.xcconfig */,
				C03B40B42AD9C354F074D39D /* Pods-ParsetagramTests.release.xcconfig */,
				8EE1C82B97D72A8D85C8D3DF /* Pods-ParsetagramUITests.debug.xcconfig */,
				4421348EFED4774231C8ED39 /* Pods-ParsetagramUITests.release.xcconfig */,
			);
			name = Pods;
			sourceTree = "<group>";
		};
		E9772A462AD042E3E246CADA /* Frameworks */ = {
			isa = PBXGroup;
			children = (
				81F79F161EE4EBF800D1FFE6 /* MapKit.framework */,
				81F79F141EE4EBF200D1FFE6 /* CoreLocation.framework */,
				FE23D70F1BA9E6AFEA6703C1 /* Pods_Parsetagram.framework */,
				E1C3668DB4110BEEE312B950 /* Pods_ParsetagramTests.framework */,
				0F5A7626C7D280A72765CB4B /* Pods_ParsetagramUITests.framework */,
			);
			name = Frameworks;
			sourceTree = "<group>";
		};
/* End PBXGroup section */

/* Begin PBXNativeTarget section */
		9BECE3141D18404B001C61F1 /* Parsetagram */ = {
			isa = PBXNativeTarget;
			buildConfigurationList = 9BECE33D1D18404B001C61F1 /* Build configuration list for PBXNativeTarget "Parsetagram" */;
			buildPhases = (
				1B781E54007304DAAFA7651E /* [CP] Check Pods Manifest.lock */,
				9BECE3111D18404B001C61F1 /* Sources */,
				9BECE3121D18404B001C61F1 /* Frameworks */,
				9BECE3131D18404B001C61F1 /* Resources */,
				FF93A4C673155AB198FA9547 /* [CP] Embed Pods Frameworks */,
				477C4A24FD86C4AFB613130B /* [CP] Copy Pods Resources */,
			);
			buildRules = (
			);
			dependencies = (
			);
			name = Parsetagram;
			productName = Parsetagram;
			productReference = 9BECE3151D18404B001C61F1 /* Parsetagram.app */;
			productType = "com.apple.product-type.application";
		};
		9BECE3281D18404B001C61F1 /* ParsetagramTests */ = {
			isa = PBXNativeTarget;
			buildConfigurationList = 9BECE3401D18404B001C61F1 /* Build configuration list for PBXNativeTarget "ParsetagramTests" */;
			buildPhases = (
				AB3158BE7D65324E4A74BA48 /* [CP] Check Pods Manifest.lock */,
				9BECE3251D18404B001C61F1 /* Sources */,
				9BECE3261D18404B001C61F1 /* Frameworks */,
				9BECE3271D18404B001C61F1 /* Resources */,
				1A776B32E36A40A36A024134 /* [CP] Embed Pods Frameworks */,
				5C14841182BA325F41B96ACB /* [CP] Copy Pods Resources */,
			);
			buildRules = (
			);
			dependencies = (
				9BECE32B1D18404B001C61F1 /* PBXTargetDependency */,
			);
			name = ParsetagramTests;
			productName = ParsetagramTests;
			productReference = 9BECE3291D18404B001C61F1 /* ParsetagramTests.xctest */;
			productType = "com.apple.product-type.bundle.unit-test";
		};
		9BECE3331D18404B001C61F1 /* ParsetagramUITests */ = {
			isa = PBXNativeTarget;
			buildConfigurationList = 9BECE3431D18404B001C61F1 /* Build configuration list for PBXNativeTarget "ParsetagramUITests" */;
			buildPhases = (
				FC67F4823781D2271F82AE4A /* [CP] Check Pods Manifest.lock */,
				9BECE3301D18404B001C61F1 /* Sources */,
				9BECE3311D18404B001C61F1 /* Frameworks */,
				9BECE3321D18404B001C61F1 /* Resources */,
				EAFF04DF387E53D572ACC6FD /* [CP] Copy Pods Resources */,
				A486DB4FDB60C73980D379C2 /* [CP] Embed Pods Frameworks */,
			);
			buildRules = (
			);
			dependencies = (
				9BECE3361D18404B001C61F1 /* PBXTargetDependency */,
			);
			name = ParsetagramUITests;
			productName = ParsetagramUITests;
			productReference = 9BECE3341D18404B001C61F1 /* ParsetagramUITests.xctest */;
			productType = "com.apple.product-type.bundle.ui-testing";
		};
/* End PBXNativeTarget section */

/* Begin PBXProject section */
		9BECE30D1D18404B001C61F1 /* Project object */ = {
			isa = PBXProject;
			attributes = {
				LastSwiftUpdateCheck = 0730;
				LastUpgradeCheck = 0830;
				ORGANIZATIONNAME = "Pedro Sandoval Segura";
				TargetAttributes = {
					9BECE3141D18404B001C61F1 = {
						CreatedOnToolsVersion = 7.3.1;
						DevelopmentTeam = 5RW24DE8R9;
						LastSwiftMigration = 0810;
					};
					9BECE3281D18404B001C61F1 = {
						CreatedOnToolsVersion = 7.3.1;
						LastSwiftMigration = 0810;
						TestTargetID = 9BECE3141D18404B001C61F1;
					};
					9BECE3331D18404B001C61F1 = {
						CreatedOnToolsVersion = 7.3.1;
						LastSwiftMigration = 0810;
						TestTargetID = 9BECE3141D18404B001C61F1;
					};
				};
			};
			buildConfigurationList = 9BECE3101D18404B001C61F1 /* Build configuration list for PBXProject "Parsetagram" */;
			compatibilityVersion = "Xcode 3.2";
			developmentRegion = English;
			hasScannedForEncodings = 0;
			knownRegions = (
				en,
				Base,
			);
			mainGroup = 9BECE30C1D18404B001C61F1;
			productRefGroup = 9BECE3161D18404B001C61F1 /* Products */;
			projectDirPath = "";
			projectRoot = "";
			targets = (
				9BECE3141D18404B001C61F1 /* Parsetagram */,
				9BECE3281D18404B001C61F1 /* ParsetagramTests */,
				9BECE3331D18404B001C61F1 /* ParsetagramUITests */,
			);
		};
/* End PBXProject section */

/* Begin PBXResourcesBuildPhase section */
		9BECE3131D18404B001C61F1 /* Resources */ = {
			isa = PBXResourcesBuildPhase;
			buildActionMask = 2147483647;
			files = (
				9B313F2F1D1C7E7900F99561 /* SanFranciscoText-Bold.otf in Resources */,
				9B313F311D1C7E7900F99561 /* SanFranciscoText-Light.otf in Resources */,
				9B313F321D1C7E7900F99561 /* SanFranciscoText-Medium.otf in Resources */,
				9B313F331D1C7E7900F99561 /* SanFranciscoText-Regular.otf in Resources */,
				9B313F341D1C7E7900F99561 /* SanFranciscoText-Semibold.otf in Resources */,
				9BECE3231D18404B001C61F1 /* LaunchScreen.storyboard in Resources */,
				9BECE3201D18404B001C61F1 /* Assets.xcassets in Resources */,
				9BECE31E1D18404B001C61F1 /* Main.storyboard in Resources */,
			);
			runOnlyForDeploymentPostprocessing = 0;
		};
		9BECE3271D18404B001C61F1 /* Resources */ = {
			isa = PBXResourcesBuildPhase;
			buildActionMask = 2147483647;
			files = (
			);
			runOnlyForDeploymentPostprocessing = 0;
		};
		9BECE3321D18404B001C61F1 /* Resources */ = {
			isa = PBXResourcesBuildPhase;
			buildActionMask = 2147483647;
			files = (
			);
			runOnlyForDeploymentPostprocessing = 0;
		};
/* End PBXResourcesBuildPhase section */

/* Begin PBXShellScriptBuildPhase section */
		1A776B32E36A40A36A024134 /* [CP] Embed Pods Frameworks */ = {
			isa = PBXShellScriptBuildPhase;
			buildActionMask = 2147483647;
			files = (
			);
			inputPaths = (
			);
			name = "[CP] Embed Pods Frameworks";
			outputPaths = (
			);
			runOnlyForDeploymentPostprocessing = 0;
			shellPath = /bin/sh;
			shellScript = "\"${SRCROOT}/Pods/Target Support Files/Pods-ParsetagramTests/Pods-ParsetagramTests-frameworks.sh\"\n";
			showEnvVarsInLog = 0;
		};
		1B781E54007304DAAFA7651E /* [CP] Check Pods Manifest.lock */ = {
			isa = PBXShellScriptBuildPhase;
			buildActionMask = 2147483647;
			files = (
			);
			inputPaths = (
			);
			name = "[CP] Check Pods Manifest.lock";
			outputPaths = (
			);
			runOnlyForDeploymentPostprocessing = 0;
			shellPath = /bin/sh;
			shellScript = "diff \"${PODS_ROOT}/../Podfile.lock\" \"${PODS_ROOT}/Manifest.lock\" > /dev/null\nif [ $? != 0 ] ; then\n    # print error to STDERR\n    echo \"error: The sandbox is not in sync with the Podfile.lock. Run 'pod install' or update your CocoaPods installation.\" >&2\n    exit 1\nfi\n";
			showEnvVarsInLog = 0;
		};
		477C4A24FD86C4AFB613130B /* [CP] Copy Pods Resources */ = {
			isa = PBXShellScriptBuildPhase;
			buildActionMask = 2147483647;
			files = (
			);
			inputPaths = (
			);
			name = "[CP] Copy Pods Resources";
			outputPaths = (
			);
			runOnlyForDeploymentPostprocessing = 0;
			shellPath = /bin/sh;
			shellScript = "\"${SRCROOT}/Pods/Target Support Files/Pods-Parsetagram/Pods-Parsetagram-resources.sh\"\n";
			showEnvVarsInLog = 0;
		};
		5C14841182BA325F41B96ACB /* [CP] Copy Pods Resources */ = {
			isa = PBXShellScriptBuildPhase;
			buildActionMask = 2147483647;
			files = (
			);
			inputPaths = (
			);
			name = "[CP] Copy Pods Resources";
			outputPaths = (
			);
			runOnlyForDeploymentPostprocessing = 0;
			shellPath = /bin/sh;
			shellScript = "\"${SRCROOT}/Pods/Target Support Files/Pods-ParsetagramTests/Pods-ParsetagramTests-resources.sh\"\n";
			showEnvVarsInLog = 0;
		};
		A486DB4FDB60C73980D379C2 /* [CP] Embed Pods Frameworks */ = {
			isa = PBXShellScriptBuildPhase;
			buildActionMask = 2147483647;
			files = (
			);
			inputPaths = (
			);
			name = "[CP] Embed Pods Frameworks";
			outputPaths = (
			);
			runOnlyForDeploymentPostprocessing = 0;
			shellPath = /bin/sh;
			shellScript = "\"${SRCROOT}/Pods/Target Support Files/Pods-ParsetagramUITests/Pods-ParsetagramUITests-frameworks.sh\"\n";
			showEnvVarsInLog = 0;
		};
		AB3158BE7D65324E4A74BA48 /* [CP] Check Pods Manifest.lock */ = {
			isa = PBXShellScriptBuildPhase;
			buildActionMask = 2147483647;
			files = (
			);
			inputPaths = (
			);
			name = "[CP] Check Pods Manifest.lock";
			outputPaths = (
			);
			runOnlyForDeploymentPostprocessing = 0;
			shellPath = /bin/sh;
			shellScript = "diff \"${PODS_ROOT}/../Podfile.lock\" \"${PODS_ROOT}/Manifest.lock\" > /dev/null\nif [ $? != 0 ] ; then\n    # print error to STDERR\n    echo \"error: The sandbox is not in sync with the Podfile.lock. Run 'pod install' or update your CocoaPods installation.\" >&2\n    exit 1\nfi\n";
			showEnvVarsInLog = 0;
		};
		EAFF04DF387E53D572ACC6FD /* [CP] Copy Pods Resources */ = {
			isa = PBXShellScriptBuildPhase;
			buildActionMask = 2147483647;
			files = (
			);
			inputPaths = (
			);
			name = "[CP] Copy Pods Resources";
			outputPaths = (
			);
			runOnlyForDeploymentPostprocessing = 0;
			shellPath = /bin/sh;
			shellScript = "\"${SRCROOT}/Pods/Target Support Files/Pods-ParsetagramUITests/Pods-ParsetagramUITests-resources.sh\"\n";
			showEnvVarsInLog = 0;
		};
		FC67F4823781D2271F82AE4A /* [CP] Check Pods Manifest.lock */ = {
			isa = PBXShellScriptBuildPhase;
			buildActionMask = 2147483647;
			files = (
			);
			inputPaths = (
			);
			name = "[CP] Check Pods Manifest.lock";
			outputPaths = (
			);
			runOnlyForDeploymentPostprocessing = 0;
			shellPath = /bin/sh;
			shellScript = "diff \"${PODS_ROOT}/../Podfile.lock\" \"${PODS_ROOT}/Manifest.lock\" > /dev/null\nif [ $? != 0 ] ; then\n    # print error to STDERR\n    echo \"error: The sandbox is not in sync with the Podfile.lock. Run 'pod install' or update your CocoaPods installation.\" >&2\n    exit 1\nfi\n";
			showEnvVarsInLog = 0;
		};
		FF93A4C673155AB198FA9547 /* [CP] Embed Pods Frameworks */ = {
			isa = PBXShellScriptBuildPhase;
			buildActionMask = 2147483647;
			files = (
			);
			inputPaths = (
			);
			name = "[CP] Embed Pods Frameworks";
			outputPaths = (
			);
			runOnlyForDeploymentPostprocessing = 0;
			shellPath = /bin/sh;
			shellScript = "\"${SRCROOT}/Pods/Target Support Files/Pods-Parsetagram/Pods-Parsetagram-frameworks.sh\"\n";
			showEnvVarsInLog = 0;
		};
/* End PBXShellScriptBuildPhase section */

/* Begin PBXSourcesBuildPhase section */
		9BECE3111D18404B001C61F1 /* Sources */ = {
			isa = PBXSourcesBuildPhase;
			buildActionMask = 2147483647;
			files = (
				9B313F121D1A34F700F99561 /* InfiniteScrollActivityView.swift in Sources */,
				9B313F191D1A4D1500F99561 /* TimeAid.swift in Sources */,
				814B9BAB1EFF5AC500B1C124 /* SurveyAid.swift in Sources */,
				9B6792D41D1C872500E71EA5 /* CommentsViewController.swift in Sources */,
				9BAB5E841D18FB830001A178 /* MeViewController.swift in Sources */,
				9BE8E6881D1CF1F800B1AC61 /* PostInstance.swift in Sources */,
				9BAB5E861D1911210001A178 /* PostDetailViewController.swift in Sources */,
				9BECE3471D184872001C61F1 /* LoginViewController.swift in Sources */,
				9BAB5E8B1D19912F0001A178 /* Post.swift in Sources */,
				9B313F211D1B268900F99561 /* UserInstance.swift in Sources */,
				9BAB5E8D1D19939B0001A178 /* PostConfigurationViewController.swift in Sources */,
				9BECE3191D18404B001C61F1 /* AppDelegate.swift in Sources */,
				9BAB5E881D19198C0001A178 /* CameraViewController.swift in Sources */,
				9BE8E6861D1CCD7100B1AC61 /* CommentTableViewCell.swift in Sources */,
				9BE8E6841D1CA35100B1AC61 /* CommentAid.swift in Sources */,
				9BECE34D1D18A971001C61F1 /* HomeViewController.swift in Sources */,
				9B70FEC61D18BA5A00D65E58 /* PostTableViewCell.swift in Sources */,
				9B313F1B1D1AE3C900F99561 /* SettingsViewController.swift in Sources */,
			);
			runOnlyForDeploymentPostprocessing = 0;
		};
		9BECE3251D18404B001C61F1 /* Sources */ = {
			isa = PBXSourcesBuildPhase;
			buildActionMask = 2147483647;
			files = (
				9BECE32E1D18404B001C61F1 /* ParsetagramTests.swift in Sources */,
			);
			runOnlyForDeploymentPostprocessing = 0;
		};
		9BECE3301D18404B001C61F1 /* Sources */ = {
			isa = PBXSourcesBuildPhase;
			buildActionMask = 2147483647;
			files = (
				9BECE3391D18404B001C61F1 /* ParsetagramUITests.swift in Sources */,
			);
			runOnlyForDeploymentPostprocessing = 0;
		};
/* End PBXSourcesBuildPhase section */

/* Begin PBXTargetDependency section */
		9BECE32B1D18404B001C61F1 /* PBXTargetDependency */ = {
			isa = PBXTargetDependency;
			target = 9BECE3141D18404B001C61F1 /* Parsetagram */;
			targetProxy = 9BECE32A1D18404B001C61F1 /* PBXContainerItemProxy */;
		};
		9BECE3361D18404B001C61F1 /* PBXTargetDependency */ = {
			isa = PBXTargetDependency;
			target = 9BECE3141D18404B001C61F1 /* Parsetagram */;
			targetProxy = 9BECE3351D18404B001C61F1 /* PBXContainerItemProxy */;
		};
/* End PBXTargetDependency section */

/* Begin PBXVariantGroup section */
		9BECE31C1D18404B001C61F1 /* Main.storyboard */ = {
			isa = PBXVariantGroup;
			children = (
				9BECE31D1D18404B001C61F1 /* Base */,
			);
			name = Main.storyboard;
			sourceTree = "<group>";
		};
		9BECE3211D18404B001C61F1 /* LaunchScreen.storyboard */ = {
			isa = PBXVariantGroup;
			children = (
				9BECE3221D18404B001C61F1 /* Base */,
			);
			name = LaunchScreen.storyboard;
			sourceTree = "<group>";
		};
/* End PBXVariantGroup section */

/* Begin XCBuildConfiguration section */
		9BECE33B1D18404B001C61F1 /* Debug */ = {
			isa = XCBuildConfiguration;
			buildSettings = {
				ALWAYS_SEARCH_USER_PATHS = NO;
				CLANG_ANALYZER_NONNULL = YES;
				CLANG_CXX_LANGUAGE_STANDARD = "gnu++0x";
				CLANG_CXX_LIBRARY = "libc++";
				CLANG_ENABLE_MODULES = YES;
				CLANG_ENABLE_OBJC_ARC = YES;
				CLANG_WARN_BOOL_CONVERSION = YES;
				CLANG_WARN_CONSTANT_CONVERSION = YES;
				CLANG_WARN_DIRECT_OBJC_ISA_USAGE = YES_ERROR;
				CLANG_WARN_EMPTY_BODY = YES;
				CLANG_WARN_ENUM_CONVERSION = YES;
				CLANG_WARN_INFINITE_RECURSION = YES;
				CLANG_WARN_INT_CONVERSION = YES;
				CLANG_WARN_OBJC_ROOT_CLASS = YES_ERROR;
				CLANG_WARN_SUSPICIOUS_MOVE = YES;
				CLANG_WARN_UNREACHABLE_CODE = YES;
				CLANG_WARN__DUPLICATE_METHOD_MATCH = YES;
				"CODE_SIGN_IDENTITY[sdk=iphoneos*]" = "iPhone Developer";
				COPY_PHASE_STRIP = NO;
				DEBUG_INFORMATION_FORMAT = dwarf;
				ENABLE_STRICT_OBJC_MSGSEND = YES;
				ENABLE_TESTABILITY = YES;
				GCC_C_LANGUAGE_STANDARD = gnu99;
				GCC_DYNAMIC_NO_PIC = NO;
				GCC_NO_COMMON_BLOCKS = YES;
				GCC_OPTIMIZATION_LEVEL = 0;
				GCC_PREPROCESSOR_DEFINITIONS = (
					"DEBUG=1",
					"$(inherited)",
				);
				GCC_WARN_64_TO_32_BIT_CONVERSION = YES;
				GCC_WARN_ABOUT_RETURN_TYPE = YES_ERROR;
				GCC_WARN_UNDECLARED_SELECTOR = YES;
				GCC_WARN_UNINITIALIZED_AUTOS = YES_AGGRESSIVE;
				GCC_WARN_UNUSED_FUNCTION = YES;
				GCC_WARN_UNUSED_VARIABLE = YES;
				IPHONEOS_DEPLOYMENT_TARGET = 9.3;
				MTL_ENABLE_DEBUG_INFO = YES;
				ONLY_ACTIVE_ARCH = YES;
				SDKROOT = iphoneos;
				SWIFT_OPTIMIZATION_LEVEL = "-Onone";
			};
			name = Debug;
		};
		9BECE33C1D18404B001C61F1 /* Release */ = {
			isa = XCBuildConfiguration;
			buildSettings = {
				ALWAYS_SEARCH_USER_PATHS = NO;
				CLANG_ANALYZER_NONNULL = YES;
				CLANG_CXX_LANGUAGE_STANDARD = "gnu++0x";
				CLANG_CXX_LIBRARY = "libc++";
				CLANG_ENABLE_MODULES = YES;
				CLANG_ENABLE_OBJC_ARC = YES;
				CLANG_WARN_BOOL_CONVERSION = YES;
				CLANG_WARN_CONSTANT_CONVERSION = YES;
				CLANG_WARN_DIRECT_OBJC_ISA_USAGE = YES_ERROR;
				CLANG_WARN_EMPTY_BODY = YES;
				CLANG_WARN_ENUM_CONVERSION = YES;
				CLANG_WARN_INFINITE_RECURSION = YES;
				CLANG_WARN_INT_CONVERSION = YES;
				CLANG_WARN_OBJC_ROOT_CLASS = YES_ERROR;
				CLANG_WARN_SUSPICIOUS_MOVE = YES;
				CLANG_WARN_UNREACHABLE_CODE = YES;
				CLANG_WARN__DUPLICATE_METHOD_MATCH = YES;
				"CODE_SIGN_IDENTITY[sdk=iphoneos*]" = "iPhone Developer";
				COPY_PHASE_STRIP = NO;
				DEBUG_INFORMATION_FORMAT = "dwarf-with-dsym";
				ENABLE_NS_ASSERTIONS = NO;
				ENABLE_STRICT_OBJC_MSGSEND = YES;
				GCC_C_LANGUAGE_STANDARD = gnu99;
				GCC_NO_COMMON_BLOCKS = YES;
				GCC_WARN_64_TO_32_BIT_CONVERSION = YES;
				GCC_WARN_ABOUT_RETURN_TYPE = YES_ERROR;
				GCC_WARN_UNDECLARED_SELECTOR = YES;
				GCC_WARN_UNINITIALIZED_AUTOS = YES_AGGRESSIVE;
				GCC_WARN_UNUSED_FUNCTION = YES;
				GCC_WARN_UNUSED_VARIABLE = YES;
				IPHONEOS_DEPLOYMENT_TARGET = 9.3;
				MTL_ENABLE_DEBUG_INFO = NO;
				SDKROOT = iphoneos;
				SWIFT_OPTIMIZATION_LEVEL = "-Owholemodule";
				VALIDATE_PRODUCT = YES;
			};
			name = Release;
		};
		9BECE33E1D18404B001C61F1 /* Debug */ = {
			isa = XCBuildConfiguration;
			baseConfigurationReference = 6556373A395946CC9C72CE84 /* Pods-Parsetagram.debug.xcconfig */;
			buildSettings = {
				ASSETCATALOG_COMPILER_APPICON_NAME = AppIcon;
				CODE_SIGN_IDENTITY = "iPhone Developer";
				"CODE_SIGN_IDENTITY[sdk=iphoneos*]" = "iPhone Developer";
				DEVELOPMENT_TEAM = 5RW24DE8R9;
				INFOPLIST_FILE = Parsetagram/Info.plist;
				LD_RUNPATH_SEARCH_PATHS = "$(inherited) @executable_path/Frameworks";
				PRODUCT_BUNDLE_IDENTIFIER = com.sandoval.sgvBikes;
				PRODUCT_NAME = "$(TARGET_NAME)";
				PROVISIONING_PROFILE = "";
				SWIFT_VERSION = 3.0;
			};
			name = Debug;
		};
		9BECE33F1D18404B001C61F1 /* Release */ = {
			isa = XCBuildConfiguration;
			baseConfigurationReference = 63EF1E35136D13006C2855B6 /* Pods-Parsetagram.release.xcconfig */;
			buildSettings = {
				ASSETCATALOG_COMPILER_APPICON_NAME = AppIcon;
				CODE_SIGN_IDENTITY = "iPhone Developer";
				"CODE_SIGN_IDENTITY[sdk=iphoneos*]" = "iPhone Developer";
				DEVELOPMENT_TEAM = 5RW24DE8R9;
				INFOPLIST_FILE = Parsetagram/Info.plist;
				LD_RUNPATH_SEARCH_PATHS = "$(inherited) @executable_path/Frameworks";
				PRODUCT_BUNDLE_IDENTIFIER = com.sandoval.sgvBikes;
				PRODUCT_NAME = "$(TARGET_NAME)";
				PROVISIONING_PROFILE = "";
				SWIFT_VERSION = 3.0;
			};
			name = Release;
		};
		9BECE3411D18404B001C61F1 /* Debug */ = {
			isa = XCBuildConfiguration;
			baseConfigurationReference = A2CAAEB962F8D554C4ED0D09 /* Pods-ParsetagramTests.debug.xcconfig */;
			buildSettings = {
				BUNDLE_LOADER = "$(TEST_HOST)";
				INFOPLIST_FILE = ParsetagramTests/Info.plist;
				LD_RUNPATH_SEARCH_PATHS = "$(inherited) @executable_path/Frameworks @loader_path/Frameworks";
				PRODUCT_BUNDLE_IDENTIFIER = com.sandoval.ParsetagramTests;
				PRODUCT_NAME = "$(TARGET_NAME)";
				SWIFT_VERSION = 3.0;
				TEST_HOST = "$(BUILT_PRODUCTS_DIR)/Parsetagram.app/Parsetagram";
			};
			name = Debug;
		};
		9BECE3421D18404B001C61F1 /* Release */ = {
			isa = XCBuildConfiguration;
			baseConfigurationReference = C03B40B42AD9C354F074D39D /* Pods-ParsetagramTests.release.xcconfig */;
			buildSettings = {
				BUNDLE_LOADER = "$(TEST_HOST)";
				INFOPLIST_FILE = ParsetagramTests/Info.plist;
				LD_RUNPATH_SEARCH_PATHS = "$(inherited) @executable_path/Frameworks @loader_path/Frameworks";
				PRODUCT_BUNDLE_IDENTIFIER = com.sandoval.ParsetagramTests;
				PRODUCT_NAME = "$(TARGET_NAME)";
				SWIFT_VERSION = 3.0;
				TEST_HOST = "$(BUILT_PRODUCTS_DIR)/Parsetagram.app/Parsetagram";
			};
			name = Release;
		};
		9BECE3441D18404B001C61F1 /* Debug */ = {
			isa = XCBuildConfiguration;
			baseConfigurationReference = 8EE1C82B97D72A8D85C8D3DF /* Pods-ParsetagramUITests.debug.xcconfig */;
			buildSettings = {
				INFOPLIST_FILE = ParsetagramUITests/Info.plist;
				LD_RUNPATH_SEARCH_PATHS = "$(inherited) @executable_path/Frameworks @loader_path/Frameworks";
				PRODUCT_BUNDLE_IDENTIFIER = com.sandoval.ParsetagramUITests;
				PRODUCT_NAME = "$(TARGET_NAME)";
				SWIFT_VERSION = 3.0;
				TEST_TARGET_NAME = Parsetagram;
			};
			name = Debug;
		};
		9BECE3451D18404B001C61F1 /* Release */ = {
			isa = XCBuildConfiguration;
			baseConfigurationReference = 4421348EFED4774231C8ED39 /* Pods-ParsetagramUITests.release.xcconfig */;
			buildSettings = {
				INFOPLIST_FILE = ParsetagramUITests/Info.plist;
				LD_RUNPATH_SEARCH_PATHS = "$(inherited) @executable_path/Frameworks @loader_path/Frameworks";
				PRODUCT_BUNDLE_IDENTIFIER = com.sandoval.ParsetagramUITests;
				PRODUCT_NAME = "$(TARGET_NAME)";
				SWIFT_VERSION = 3.0;
				TEST_TARGET_NAME = Parsetagram;
			};
			name = Release;
		};
/* End XCBuildConfiguration section */

/* Begin XCConfigurationList section */
		9BECE3101D18404B001C61F1 /* Build configuration list for PBXProject "Parsetagram" */ = {
			isa = XCConfigurationList;
			buildConfigurations = (
				9BECE33B1D18404B001C61F1 /* Debug */,
				9BECE33C1D18404B001C61F1 /* Release */,
			);
			defaultConfigurationIsVisible = 0;
			defaultConfigurationName = Release;
		};
		9BECE33D1D18404B001C61F1 /* Build configuration list for PBXNativeTarget "Parsetagram" */ = {
			isa = XCConfigurationList;
			buildConfigurations = (
				9BECE33E1D18404B001C61F1 /* Debug */,
				9BECE33F1D18404B001C61F1 /* Release */,
			);
			defaultConfigurationIsVisible = 0;
			defaultConfigurationName = Release;
		};
		9BECE3401D18404B001C61F1 /* Build configuration list for PBXNativeTarget "ParsetagramTests" */ = {
			isa = XCConfigurationList;
			buildConfigurations = (
				9BECE3411D18404B001C61F1 /* Debug */,
				9BECE3421D18404B001C61F1 /* Release */,
			);
			defaultConfigurationIsVisible = 0;
			defaultConfigurationName = Release;
		};
		9BECE3431D18404B001C61F1 /* Build configuration list for PBXNativeTarget "ParsetagramUITests" */ = {
			isa = XCConfigurationList;
			buildConfigurations = (
				9BECE3441D18404B001C61F1 /* Debug */,
				9BECE3451D18404B001C61F1 /* Release */,
			);
			defaultConfigurationIsVisible = 0;
			defaultConfigurationName = Release;
		};
/* End XCConfigurationList section */
	};
	rootObject = 9BECE30D1D18404B001C61F1 /* Project object */;
}
